# This file is automatically @generated by Cargo.
# It is not intended for manual editing.
version = 4

[[package]]
name = "dethrace-app"
version = "0.1.0"

[[package]]
name = "dethrace-assets"
version = "0.1.0"

[[package]]
name = "dethrace-audio"
version = "0.1.0"

[[package]]
name = "dethrace-core"
version = "0.1.0"

[[package]]
name = "dethrace-formats"
version = "0.1.0"

[[package]]
name = "dethrace-game"
version = "0.1.0"

[[package]]
name = "dethrace-tools"
version = "0.1.0"

[[package]]
name = "dethrace-ui"
version = "0.1.0"
